
Microsoft Visual Studio Solution File, Format Version 12.00
# Visual Studio Version 16
VisualStudioVersion = 16.0.28803.156
MinimumVisualStudioVersion = 10.0.40219.1
Project("{FAE04EC0-301F-11D3-BF4B-00C04F79EFBC}") = "CadastroPescador", "CadastroPescador\CadastroPescador.csproj", "{78C43911-F3D9-4B11-AED5-1D0B9A3EFD7E}"
EndProject
Global
	GlobalSection(SolutionConfigurationPlatforms) = preSolution
		Debug|Any CPU = Debug|Any CPU
		Release|Any CPU = Release|Any CPU
	EndGlobalSection
	GlobalSection(ProjectConfigurationPlatforms) = postSolution
		{78C43911-F3D9-4B11-AED5-1D0B9A3EFD7E}.Debug|Any CPU.ActiveCfg = Debug|Any CPU
		{78C43911-F3D9-4B11-AED5-1D0B9A3EFD7E}.Debug|Any CPU.Build.0 = Debug|Any CPU
		{78C43911-F3D9-4B11-AED5-1D0B9A3EFD7E}.Release|Any CPU.ActiveCfg = Release|Any CPU
		{78C43911-F3D9-4B11-AED5-1D0B9A3EFD7E}.Release|Any CPU.Build.0 = Release|Any CPU
	EndGlobalSection
	GlobalSection(SolutionProperties) = preSolution
		HideSolutionNode = FALSE
	EndGlobalSection
	GlobalSection(ExtensibilityGlobals) = postSolution
		SolutionGuid = {C94BF1A8-045C-435F-B020-AA2BA841004E}
	EndGlobalSection
EndGlobal
